
Microsoft Visual Studio Solution File, Format Version 12.00
# Visual Studio 15
VisualStudioVersion = 15.0.28307.572
MinimumVisualStudioVersion = 10.0.40219.1
Project("{F184B08F-C81C-45F6-A57F-5ABD9991F28F}") = "EM", "EM\EM.vbproj", "{3BD22643-B86A-46F3-AAE6-1682EB19B3AE}"
EndProject
Project("{F184B08F-C81C-45F6-A57F-5ABD9991F28F}") = "nsEngine", "..\nsEngine\nsEngine.vbproj", "{C58F8E6F-CAFB-4DBE-A84A-548E7B665A21}"
EndProject
Global
	GlobalSection(SolutionConfigurationPlatforms) = preSolution
		Debug|Any CPU = Debug|Any CPU
		Release|Any CPU = Release|Any CPU
	EndGlobalSection
	GlobalSection(ProjectConfigurationPlatforms) = postSolution
		{3BD22643-B86A-46F3-AAE6-1682EB19B3AE}.Debug|Any CPU.ActiveCfg = Debug|Any CPU
		{3BD22643-B86A-46F3-AAE6-1682EB19B3AE}.Debug|Any CPU.Build.0 = Debug|Any CPU
		{3BD22643-B86A-46F3-AAE6-1682EB19B3AE}.Release|Any CPU.ActiveCfg = Release|Any CPU
		{3BD22643-B86A-46F3-AAE6-1682EB19B3AE}.Release|Any CPU.Build.0 = Release|Any CPU
		{C58F8E6F-CAFB-4DBE-A84A-548E7B665A21}.Debug|Any CPU.ActiveCfg = Debug|Any CPU
		{C58F8E6F-CAFB-4DBE-A84A-548E7B665A21}.Debug|Any CPU.Build.0 = Debug|Any CPU
		{C58F8E6F-CAFB-4DBE-A84A-548E7B665A21}.Release|Any CPU.ActiveCfg = Release|Any CPU
		{C58F8E6F-CAFB-4DBE-A84A-548E7B665A21}.Release|Any CPU.Build.0 = Release|Any CPU
	EndGlobalSection
	GlobalSection(SolutionProperties) = preSolution
		HideSolutionNode = FALSE
	EndGlobalSection
	GlobalSection(ExtensibilityGlobals) = postSolution
		SolutionGuid = {E3D5586F-DFCE-4654-848E-D122AF3A1CA7}
	EndGlobalSection
EndGlobal
